
Microsoft Visual Studio Solution File, Format Version 12.00
# Visual Studio Version 16
VisualStudioVersion = 16.0.31515.178
MinimumVisualStudioVersion = 10.0.40219.1
Project("{888888A0-9F3D-457C-B088-3A5042F75D52}") = "Invoice Line Item Calculator", "Invoice Line Item Calculator.pyproj", "{844A9610-AFD3-4648-A051-EBFFA48D29BB}"
EndProject
Global
	GlobalSection(SolutionConfigurationPlatforms) = preSolution
		Debug|Any CPU = Debug|Any CPU
		Release|Any CPU = Release|Any CPU
	EndGlobalSection
	GlobalSection(ProjectConfigurationPlatforms) = postSolution
		{844A9610-AFD3-4648-A051-EBFFA48D29BB}.Debug|Any CPU.ActiveCfg = Debug|Any CPU
		{844A9610-AFD3-4648-A051-EBFFA48D29BB}.Release|Any CPU.ActiveCfg = Release|Any CPU
	EndGlobalSection
	GlobalSection(SolutionProperties) = preSolution
		HideSolutionNode = FALSE
	EndGlobalSection
	GlobalSection(ExtensibilityGlobals) = postSolution
		SolutionGuid = {E662B307-B012-47A8-8566-115886134447}
	EndGlobalSection
EndGlobal
